
Microsoft Visual Studio Solution File, Format Version 12.00
Project("{FAE04EC0-301F-11D3-BF4B-00C04F79EFBC}") = "PProgUebB3", "PProgUebB3\PProgUebB3.csproj", "{619D7ED6-026C-46BB-B734-4C28D8728399}"
EndProject
Global
	GlobalSection(SolutionConfigurationPlatforms) = preSolution
		Debug|Any CPU = Debug|Any CPU
		Release|Any CPU = Release|Any CPU
	EndGlobalSection
	GlobalSection(ProjectConfigurationPlatforms) = postSolution
		{619D7ED6-026C-46BB-B734-4C28D8728399}.Debug|Any CPU.ActiveCfg = Debug|Any CPU
		{619D7ED6-026C-46BB-B734-4C28D8728399}.Debug|Any CPU.Build.0 = Debug|Any CPU
		{619D7ED6-026C-46BB-B734-4C28D8728399}.Release|Any CPU.ActiveCfg = Release|Any CPU
		{619D7ED6-026C-46BB-B734-4C28D8728399}.Release|Any CPU.Build.0 = Release|Any CPU
	EndGlobalSection
EndGlobal
